
Microsoft Visual Studio Solution File, Format Version 12.00
# Visual Studio 14
VisualStudioVersion = 14.0.24720.0
MinimumVisualStudioVersion = 10.0.40219.1
Project("{FAE04EC0-301F-11D3-BF4B-00C04F79EFBC}") = "App4", "App4\App4\App4.csproj", "{E9B2329A-096A-4ACA-BAC6-598BC5771292}"
EndProject
Project("{FAE04EC0-301F-11D3-BF4B-00C04F79EFBC}") = "App4.iOS", "App4\App4.iOS\App4.iOS.csproj", "{CBFBC40D-0B66-4754-A3C3-B2A153641244}"
EndProject
Project("{FAE04EC0-301F-11D3-BF4B-00C04F79EFBC}") = "App4.Droid", "App4\App4.Droid\App4.Droid.csproj", "{D430FD17-1D60-4181-AEDD-9D767DD72F35}"
EndProject
Project("{FAE04EC0-301F-11D3-BF4B-00C04F79EFBC}") = "App4.WinPhone", "App4\App4.WinPhone\App4.WinPhone.csproj", "{54D02CB1-FE4E-4FDC-992E-BC9152A06F65}"
EndProject
Global
	GlobalSection(SolutionConfigurationPlatforms) = preSolution
		Debug|Any CPU = Debug|Any CPU
		Debug|ARM = Debug|ARM
		Debug|iPhone = Debug|iPhone
		Debug|iPhoneSimulator = Debug|iPhoneSimulator
		Debug|x86 = Debug|x86
		Release|Any CPU = Release|Any CPU
		Release|ARM = Release|ARM
		Release|iPhone = Release|iPhone
		Release|iPhoneSimulator = Release|iPhoneSimulator
		Release|x86 = Release|x86
	EndGlobalSection
	GlobalSection(ProjectConfigurationPlatforms) = postSolution
		{E9B2329A-096A-4ACA-BAC6-598BC5771292}.Debug|Any CPU.ActiveCfg = Debug|Any CPU
		{E9B2329A-096A-4ACA-BAC6-598BC5771292}.Debug|Any CPU.Build.0 = Debug|Any CPU
		{E9B2329A-096A-4ACA-BAC6-598BC5771292}.Debug|ARM.ActiveCfg = Debug|Any CPU
		{E9B2329A-096A-4ACA-BAC6-598BC5771292}.Debug|ARM.Build.0 = Debug|Any CPU
		{E9B2329A-096A-4ACA-BAC6-598BC5771292}.Debug|iPhone.ActiveCfg = Debug|Any CPU
		{E9B2329A-096A-4ACA-BAC6-598BC5771292}.Debug|iPhone.Build.0 = Debug|Any CPU
		{E9B2329A-096A-4ACA-BAC6-598BC5771292}.Debug|iPhoneSimulator.ActiveCfg = Debug|Any CPU
		{E9B2329A-096A-4ACA-BAC6-598BC5771292}.Debug|iPhoneSimulator.Build.0 = Debug|Any CPU
		{E9B2329A-096A-4ACA-BAC6-598BC5771292}.Debug|x86.ActiveCfg = Debug|Any CPU
		{E9B2329A-096A-4ACA-BAC6-598BC5771292}.Debug|x86.Build.0 = Debug|Any CPU
		{E9B2329A-096A-4ACA-BAC6-598BC5771292}.Release|Any CPU.ActiveCfg = Release|Any CPU
		{E9B2329A-096A-4ACA-BAC6-598BC5771292}.Release|Any CPU.Build.0 = Release|Any CPU
		{E9B2329A-096A-4ACA-BAC6-598BC5771292}.Release|ARM.ActiveCfg = Release|Any CPU
		{E9B2329A-096A-4ACA-BAC6-598BC5771292}.Release|ARM.Build.0 = Release|Any CPU
		{E9B2329A-096A-4ACA-BAC6-598BC5771292}.Release|iPhone.ActiveCfg = Release|Any CPU
		{E9B2329A-096A-4ACA-BAC6-598BC5771292}.Release|iPhone.Build.0 = Release|Any CPU
		{E9B2329A-096A-4ACA-BAC6-598BC5771292}.Release|iPhoneSimulator.ActiveCfg = Release|Any CPU
		{E9B2329A-096A-4ACA-BAC6-598BC5771292}.Release|iPhoneSimulator.Build.0 = Release|Any CPU
		{E9B2329A-096A-4ACA-BAC6-598BC5771292}.Release|x86.ActiveCfg = Release|Any CPU
		{E9B2329A-096A-4ACA-BAC6-598BC5771292}.Release|x86.Build.0 = Release|Any CPU
		{CBFBC40D-0B66-4754-A3C3-B2A153641244}.Debug|Any CPU.ActiveCfg = Debug|iPhone
		{CBFBC40D-0B66-4754-A3C3-B2A153641244}.Debug|ARM.ActiveCfg = Debug|iPhone
		{CBFBC40D-0B66-4754-A3C3-B2A153641244}.Debug|iPhone.ActiveCfg = Debug|iPhone
		{CBFBC40D-0B66-4754-A3C3-B2A153641244}.Debug|iPhone.Build.0 = Debug|iPhone
		{CBFBC40D-0B66-4754-A3C3-B2A153641244}.Debug|iPhoneSimulator.ActiveCfg = Debug|iPhoneSimulator
		{CBFBC40D-0B66-4754-A3C3-B2A153641244}.Debug|iPhoneSimulator.Build.0 = Debug|iPhoneSimulator
		{CBFBC40D-0B66-4754-A3C3-B2A153641244}.Debug|x86.ActiveCfg = Debug|iPhone
		{CBFBC40D-0B66-4754-A3C3-B2A153641244}.Release|Any CPU.ActiveCfg = Release|iPhone
		{CBFBC40D-0B66-4754-A3C3-B2A153641244}.Release|ARM.ActiveCfg = Release|iPhone
		{CBFBC40D-0B66-4754-A3C3-B2A153641244}.Release|iPhone.ActiveCfg = Release|iPhone
		{CBFBC40D-0B66-4754-A3C3-B2A153641244}.Release|iPhone.Build.0 = Release|iPhone
		{CBFBC40D-0B66-4754-A3C3-B2A153641244}.Release|iPhoneSimulator.ActiveCfg = Release|iPhoneSimulator
		{CBFBC40D-0B66-4754-A3C3-B2A153641244}.Release|iPhoneSimulator.Build.0 = Release|iPhoneSimulator
		{CBFBC40D-0B66-4754-A3C3-B2A153641244}.Release|x86.ActiveCfg = Release|iPhone
		{D430FD17-1D60-4181-AEDD-9D767DD72F35}.Debug|Any CPU.ActiveCfg = Debug|Any CPU
		{D430FD17-1D60-4181-AEDD-9D767DD72F35}.Debug|Any CPU.Build.0 = Debug|Any CPU
		{D430FD17-1D60-4181-AEDD-9D767DD72F35}.Debug|Any CPU.Deploy.0 = Debug|Any CPU
		{D430FD17-1D60-4181-AEDD-9D767DD72F35}.Debug|ARM.ActiveCfg = Debug|Any CPU
		{D430FD17-1D60-4181-AEDD-9D767DD72F35}.Debug|ARM.Build.0 = Debug|Any CPU
		{D430FD17-1D60-4181-AEDD-9D767DD72F35}.Debug|ARM.Deploy.0 = Debug|Any CPU
		{D430FD17-1D60-4181-AEDD-9D767DD72F35}.Debug|iPhone.ActiveCfg = Debug|Any CPU
		{D430FD17-1D60-4181-AEDD-9D767DD72F35}.Debug|iPhone.Build.0 = Debug|Any CPU
		{D430FD17-1D60-4181-AEDD-9D767DD72F35}.Debug|iPhone.Deploy.0 = Debug|Any CPU
		{D430FD17-1D60-4181-AEDD-9D767DD72F35}.Debug|iPhoneSimulator.ActiveCfg = Debug|Any CPU
		{D430FD17-1D60-4181-AEDD-9D767DD72F35}.Debug|iPhoneSimulator.Build.0 = Debug|Any CPU
		{D430FD17-1D60-4181-AEDD-9D767DD72F35}.Debug|iPhoneSimulator.Deploy.0 = Debug|Any CPU
		{D430FD17-1D60-4181-AEDD-9D767DD72F35}.Debug|x86.ActiveCfg = Debug|Any CPU
		{D430FD17-1D60-4181-AEDD-9D767DD72F35}.Debug|x86.Build.0 = Debug|Any CPU
		{D430FD17-1D60-4181-AEDD-9D767DD72F35}.Debug|x86.Deploy.0 = Debug|Any CPU
		{D430FD17-1D60-4181-AEDD-9D767DD72F35}.Release|Any CPU.ActiveCfg = Release|Any CPU
		{D430FD17-1D60-4181-AEDD-9D767DD72F35}.Release|Any CPU.Build.0 = Release|Any CPU
		{D430FD17-1D60-4181-AEDD-9D767DD72F35}.Release|Any CPU.Deploy.0 = Release|Any CPU
		{D430FD17-1D60-4181-AEDD-9D767DD72F35}.Release|ARM.ActiveCfg = Release|Any CPU
		{D430FD17-1D60-4181-AEDD-9D767DD72F35}.Release|ARM.Build.0 = Release|Any CPU
		{D430FD17-1D60-4181-AEDD-9D767DD72F35}.Release|ARM.Deploy.0 = Release|Any CPU
		{D430FD17-1D60-4181-AEDD-9D767DD72F35}.Release|iPhone.ActiveCfg = Release|Any CPU
		{D430FD17-1D60-4181-AEDD-9D767DD72F35}.Release|iPhone.Build.0 = Release|Any CPU
		{D430FD17-1D60-4181-AEDD-9D767DD72F35}.Release|iPhone.Deploy.0 = Release|Any CPU
		{D430FD17-1D60-4181-AEDD-9D767DD72F35}.Release|iPhoneSimulator.ActiveCfg = Release|Any CPU
		{D430FD17-1D60-4181-AEDD-9D767DD72F35}.Release|iPhoneSimulator.Build.0 = Release|Any CPU
		{D430FD17-1D60-4181-AEDD-9D767DD72F35}.Release|iPhoneSimulator.Deploy.0 = Release|Any CPU
		{D430FD17-1D60-4181-AEDD-9D767DD72F35}.Release|x86.ActiveCfg = Release|Any CPU
		{D430FD17-1D60-4181-AEDD-9D767DD72F35}.Release|x86.Build.0 = Release|Any CPU
		{D430FD17-1D60-4181-AEDD-9D767DD72F35}.Release|x86.Deploy.0 = Release|Any CPU
		{54D02CB1-FE4E-4FDC-992E-BC9152A06F65}.Debug|Any CPU.ActiveCfg = Debug|Any CPU
		{54D02CB1-FE4E-4FDC-992E-BC9152A06F65}.Debug|Any CPU.Build.0 = Debug|Any CPU
		{54D02CB1-FE4E-4FDC-992E-BC9152A06F65}.Debug|Any CPU.Deploy.0 = Debug|Any CPU
		{54D02CB1-FE4E-4FDC-992E-BC9152A06F65}.Debug|ARM.ActiveCfg = Debug|ARM
		{54D02CB1-FE4E-4FDC-992E-BC9152A06F65}.Debug|ARM.Build.0 = Debug|ARM
		{54D02CB1-FE4E-4FDC-992E-BC9152A06F65}.Debug|ARM.Deploy.0 = Debug|ARM
		{54D02CB1-FE4E-4FDC-992E-BC9152A06F65}.Debug|iPhone.ActiveCfg = Debug|Any CPU
		{54D02CB1-FE4E-4FDC-992E-BC9152A06F65}.Debug|iPhone.Build.0 = Debug|Any CPU
		{54D02CB1-FE4E-4FDC-992E-BC9152A06F65}.Debug|iPhone.Deploy.0 = Debug|Any CPU
		{54D02CB1-FE4E-4FDC-992E-BC9152A06F65}.Debug|iPhoneSimulator.ActiveCfg = Debug|Any CPU
		{54D02CB1-FE4E-4FDC-992E-BC9152A06F65}.Debug|iPhoneSimulator.Build.0 = Debug|Any CPU
		{54D02CB1-FE4E-4FDC-992E-BC9152A06F65}.Debug|iPhoneSimulator.Deploy.0 = Debug|Any CPU
		{54D02CB1-FE4E-4FDC-992E-BC9152A06F65}.Debug|x86.ActiveCfg = Debug|x86
		{54D02CB1-FE4E-4FDC-992E-BC9152A06F65}.Debug|x86.Build.0 = Debug|x86
		{54D02CB1-FE4E-4FDC-992E-BC9152A06F65}.Debug|x86.Deploy.0 = Debug|x86
		{54D02CB1-FE4E-4FDC-992E-BC9152A06F65}.Release|Any CPU.ActiveCfg = Release|Any CPU
		{54D02CB1-FE4E-4FDC-992E-BC9152A06F65}.Release|Any CPU.Build.0 = Release|Any CPU
		{54D02CB1-FE4E-4FDC-992E-BC9152A06F65}.Release|Any CPU.Deploy.0 = Release|Any CPU
		{54D02CB1-FE4E-4FDC-992E-BC9152A06F65}.Release|ARM.ActiveCfg = Release|ARM
		{54D02CB1-FE4E-4FDC-992E-BC9152A06F65}.Release|ARM.Build.0 = Release|ARM
		{54D02CB1-FE4E-4FDC-992E-BC9152A06F65}.Release|ARM.Deploy.0 = Release|ARM
		{54D02CB1-FE4E-4FDC-992E-BC9152A06F65}.Release|iPhone.ActiveCfg = Release|Any CPU
		{54D02CB1-FE4E-4FDC-992E-BC9152A06F65}.Release|iPhone.Build.0 = Release|Any CPU
		{54D02CB1-FE4E-4FDC-992E-BC9152A06F65}.Release|iPhone.Deploy.0 = Release|Any CPU
		{54D02CB1-FE4E-4FDC-992E-BC9152A06F65}.Release|iPhoneSimulator.ActiveCfg = Release|Any CPU
		{54D02CB1-FE4E-4FDC-992E-BC9152A06F65}.Release|iPhoneSimulator.Build.0 = Release|Any CPU
		{54D02CB1-FE4E-4FDC-992E-BC9152A06F65}.Release|iPhoneSimulator.Deploy.0 = Release|Any CPU
		{54D02CB1-FE4E-4FDC-992E-BC9152A06F65}.Release|x86.ActiveCfg = Release|x86
		{54D02CB1-FE4E-4FDC-992E-BC9152A06F65}.Release|x86.Build.0 = Release|x86
		{54D02CB1-FE4E-4FDC-992E-BC9152A06F65}.Release|x86.Deploy.0 = Release|x86
	EndGlobalSection
	GlobalSection(SolutionProperties) = preSolution
		HideSolutionNode = FALSE
	EndGlobalSection
EndGlobal
